dependencies:
- name: common
  repository: https://charts.bitnami.com/bitnami
  version: 1.17.1
- name: mysql
  repository: https://charts.bitnami.com/bitnami
  version: 9.4.5
- name: redis
  repository: https://charts.bitnami.com/bitnami
  version: 16.13.2
- name: rabbitmq
  repository: https://charts.bitnami.com/bitnami
  version: 11.2.2
- name: nginx-ingress-controller
  repository: https://charts.bitnami.com/bitnami
  version: 9.3.24
digest: sha256:f7eadd0f18f9a44bb22d5f3fd433b4708637c5ab6c9d9058c922c2dce8c030f8
generated: "2022-12-20T17:05:24.797411+08:00"
