dependencies:
- name: common
  repository: https://charts.bitnami.com/bitnami
  version: 1.17.1
- name: mysql
  repository: https://charts.bitnami.com/bitnami
  version: 9.10.1
- name: redis
  repository: https://charts.bitnami.com/bitnami
  version: 16.13.2
- name: rabbitmq
  repository: https://charts.bitnami.com/bitnami
  version: 11.15.3
- name: nginx-ingress-controller
  repository: https://charts.bitnami.com/bitnami
  version: 9.7.1
digest: sha256:d632ee95472efbf577b062477b4775c7b5f6a0cc8c2e4a3dc98ad39afd5f6221
generated: "2023-05-29T17:41:09.775909+08:00"
