dependencies:
- name: common
  repository: https://charts.bitnami.com/bitnami
  version: 1.17.1
- name: mysql
  repository: https://charts.bitnami.com/bitnami
  version: 9.9.1
- name: redis
  repository: https://charts.bitnami.com/bitnami
  version: 16.13.2
- name: rabbitmq
  repository: https://charts.bitnami.com/bitnami
  version: 11.15.2
- name: nginx-ingress-controller
  repository: https://charts.bitnami.com/bitnami
  version: 9.6.3
digest: sha256:ab2fba08979709887fb516bfa92bfb8d3e0853b9acace97db733411adc78d672
generated: "2023-05-17T15:54:55.407253+08:00"
